
Microsoft Visual Studio Solution File, Format Version 12.00
# Visual Studio 15
VisualStudioVersion = 15.0.28307.902
MinimumVisualStudioVersion = 10.0.40219.1
Project("{8BC9CEB8-8B4A-11D0-8D11-00A0C91BC942}") = "PruebasLibiGL", "PruebasLibiGL\PruebasLibiGL.vcxproj", "{6E230F95-5353-4EE6-A923-92D8887AB891}"
EndProject
Global
	GlobalSection(SolutionConfigurationPlatforms) = preSolution
		Debug|x64 = Debug|x64
		Debug|x86 = Debug|x86
		Release|x64 = Release|x64
		Release|x86 = Release|x86
	EndGlobalSection
	GlobalSection(ProjectConfigurationPlatforms) = postSolution
		{6E230F95-5353-4EE6-A923-92D8887AB891}.Debug|x64.ActiveCfg = Debug|x64
		{6E230F95-5353-4EE6-A923-92D8887AB891}.Debug|x64.Build.0 = Debug|x64
		{6E230F95-5353-4EE6-A923-92D8887AB891}.Debug|x86.ActiveCfg = Debug|Win32
		{6E230F95-5353-4EE6-A923-92D8887AB891}.Debug|x86.Build.0 = Debug|Win32
		{6E230F95-5353-4EE6-A923-92D8887AB891}.Release|x64.ActiveCfg = Release|x64
		{6E230F95-5353-4EE6-A923-92D8887AB891}.Release|x64.Build.0 = Release|x64
		{6E230F95-5353-4EE6-A923-92D8887AB891}.Release|x86.ActiveCfg = Release|Win32
		{6E230F95-5353-4EE6-A923-92D8887AB891}.Release|x86.Build.0 = Release|Win32
	EndGlobalSection
	GlobalSection(SolutionProperties) = preSolution
		HideSolutionNode = FALSE
	EndGlobalSection
	GlobalSection(ExtensibilityGlobals) = postSolution
		SolutionGuid = {D2DA47D7-1B7A-4AF6-AEEA-9EAE4096B942}
	EndGlobalSection
EndGlobal
